
Microsoft Visual Studio Solution File, Format Version 12.00
Project("{2150E333-8FDC-42A3-9474-1A3956D46DE8}") = "src", "src", "{B533D148-43EF-45A3-9EF0-A10DCFAC7A13}"
EndProject
Project("{FAE04EC0-301F-11D3-BF4B-00C04F79EFBC}") = "TestPlatform.Core", "src\TestPlatform.Core\TestPlatform.Core.csproj", "{07F40D2D-BCB0-4AD2-B1AB-537F32F5AED5}"
EndProject
Global
	GlobalSection(SolutionConfigurationPlatforms) = preSolution
		Debug|Any CPU = Debug|Any CPU
		Release|Any CPU = Release|Any CPU
	EndGlobalSection
	GlobalSection(ProjectConfigurationPlatforms) = postSolution
		{07F40D2D-BCB0-4AD2-B1AB-537F32F5AED5}.Debug|Any CPU.ActiveCfg = Debug|Any CPU
		{07F40D2D-BCB0-4AD2-B1AB-537F32F5AED5}.Debug|Any CPU.Build.0 = Debug|Any CPU
		{07F40D2D-BCB0-4AD2-B1AB-537F32F5AED5}.Release|Any CPU.ActiveCfg = Release|Any CPU
		{07F40D2D-BCB0-4AD2-B1AB-537F32F5AED5}.Release|Any CPU.Build.0 = Release|Any CPU
	EndGlobalSection
	GlobalSection(NestedProjects) = preSolution
		{07F40D2D-BCB0-4AD2-B1AB-537F32F5AED5} = {B533D148-43EF-45A3-9EF0-A10DCFAC7A13}
	EndGlobalSection
EndGlobal
